{
  "requires": true,
  "lockfileVersion": 1,
  "dependencies": {
    "PubSub": {
      "version": "3.6.0",
      "resolved": "https://registry.npmjs.org/PubSub/-/PubSub-3.6.0.tgz",
      "integrity": "sha512-pPMeGmwSlf2DnfXcncYWxiPRZdQ9FQkd9LA13yMIKKpWC0djgEjEEUdrQVDJvJ3T2FXFSMadymQUGSd74XtdvQ=="
    }
  }
}
